{
    "_readme": [
        "This file locks the dependencies of your project to a known state",
        "Read more about it at https://getcomposer.org/doc/01-basic-usage.md#installing-dependencies",
        "This file is @generated automatically"
    ],
    "content-hash": "dc91f6e3d65eb54b301ca69d2b81171e",
    "packages": [
        {
            "name": "glivers/rackage",
            "version": "v2.0.3",
            "source": {
                "type": "git",
                "url": "https://github.com/glivers/rackage.git",
                "reference": "98969a53258b1abe03cde663277e807c30c765d0"
            },
            "dist": {
                "type": "zip",
                "url": "https://api.github.com/repos/glivers/rackage/zipball/98969a53258b1abe03cde663277e807c30c765d0",
                "reference": "98969a53258b1abe03cde663277e807c30c765d0",
                "shasum": ""
            },
            "require": {
                "php": ">=8.0.0"
            },
            "type": "package",
            "autoload": {
                "psr-4": {
                    "Rackage\\": "src"
                }
            },
            "notification-url": "https://packagist.org/downloads/",
            "license": [
                "MIT"
            ],
            "authors": [
                {
                    "name": "Geoffrey Okongo",
                    "email": "code@rachie.dev"
                }
            ],
            "description": "This is a collection of all the PHP classes that make Rachie a real MVC framework",
            "support": {
                "issues": "https://github.com/glivers/rackage/issues",
                "source": "https://github.com/glivers/rackage/tree/v2.0.3"
            },
            "time": "2026-02-03T10:38:07+00:00"
        },
        {
            "name": "glivers/roline",
            "version": "v2.0.2",
            "source": {
                "type": "git",
                "url": "https://github.com/glivers/roline.git",
                "reference": "b71cd061ecb255cdd4da3a41980b4803c284bcd6"
            },
            "dist": {
                "type": "zip",
                "url": "https://api.github.com/repos/glivers/roline/zipball/b71cd061ecb255cdd4da3a41980b4803c284bcd6",
                "reference": "b71cd061ecb255cdd4da3a41980b4803c284bcd6",
                "shasum": ""
            },
            "require": {
                "glivers/rackage": "^2.0",
                "php": ">=8.0.0"
            },
            "type": "package",
            "autoload": {
                "psr-4": {
                    "Roline\\": "src"
                }
            },
            "notification-url": "https://packagist.org/downloads/",
            "license": [
                "MIT"
            ],
            "authors": [
                {
                    "name": "Geoffrey Okongo",
                    "email": "code@rachie.dev"
                }
            ],
            "description": "This is the entry point into the Rachie console commands",
            "support": {
                "issues": "https://github.com/glivers/roline/issues",
                "source": "https://github.com/glivers/roline/tree/v2.0.2"
            },
            "time": "2026-02-03T10:18:03+00:00"
        }
    ],
    "packages-dev": [],
    "aliases": [],
    "minimum-stability": "stable",
    "stability-flags": [],
    "prefer-stable": false,
    "prefer-lowest": false,
    "platform": {
        "php": ">=8.0.0"
    },
    "platform-dev": [],
    "plugin-api-version": "2.2.0"
}
